
Microsoft Visual Studio Solution File, Format Version 12.00
# Visual Studio 15
VisualStudioVersion = 15.0.28010.0
MinimumVisualStudioVersion = 10.0.40219.1
Project("{8BC9CEB8-8B4A-11D0-8D11-00A0C91BC942}") = "CISP400V10AD1", "CISP400V10AD1\CISP400V10AD1.vcxproj", "{EBF99AD3-FC9C-4B12-B924-4F2F616C74C0}"
EndProject
Global
	GlobalSection(SolutionConfigurationPlatforms) = preSolution
		Debug|x64 = Debug|x64
		Debug|x86 = Debug|x86
		Release|x64 = Release|x64
		Release|x86 = Release|x86
	EndGlobalSection
	GlobalSection(ProjectConfigurationPlatforms) = postSolution
		{EBF99AD3-FC9C-4B12-B924-4F2F616C74C0}.Debug|x64.ActiveCfg = Debug|x64
		{EBF99AD3-FC9C-4B12-B924-4F2F616C74C0}.Debug|x64.Build.0 = Debug|x64
		{EBF99AD3-FC9C-4B12-B924-4F2F616C74C0}.Debug|x86.ActiveCfg = Debug|Win32
		{EBF99AD3-FC9C-4B12-B924-4F2F616C74C0}.Debug|x86.Build.0 = Debug|Win32
		{EBF99AD3-FC9C-4B12-B924-4F2F616C74C0}.Release|x64.ActiveCfg = Release|x64
		{EBF99AD3-FC9C-4B12-B924-4F2F616C74C0}.Release|x64.Build.0 = Release|x64
		{EBF99AD3-FC9C-4B12-B924-4F2F616C74C0}.Release|x86.ActiveCfg = Release|Win32
		{EBF99AD3-FC9C-4B12-B924-4F2F616C74C0}.Release|x86.Build.0 = Release|Win32
	EndGlobalSection
	GlobalSection(SolutionProperties) = preSolution
		HideSolutionNode = FALSE
	EndGlobalSection
	GlobalSection(ExtensibilityGlobals) = postSolution
		SolutionGuid = {1EB005FB-D819-45FF-88B5-C5F3AE0F8BE4}
	EndGlobalSection
EndGlobal
